// !$*UTF8*$!
{
	archiveVersion = 1;
	classes = {
	};
	objectVersion = 77;
	objects = {

/* Begin PBXBuildFile section */
		7C8E12A32F904F7200D5EBFA /* SwiftTerm in Frameworks */ = {isa = PBXBuildFile; productRef = 7C8E12A22F904F7200D5EBFA /* SwiftTerm */; };
		7C8E12A62F908FD800D5EBFA /* CSSH in Frameworks */ = {isa = PBXBuildFile; productRef = 7C8E12A52F908FD800D5EBFA /* CSSH */; };
		CC000021CC000021CC000021 /* TrawlShare.appex in Embed App Extensions */ = {isa = PBXBuildFile; fileRef = CC100000CC100000CC100000 /* TrawlShare.appex */; platformFilter = ios; settings = {ATTRIBUTES = (RemoveHeadersOnCopy, ); }; };
		DD000021DD000021DD000021 /* SSHLiveActivity.appex in Embed App Extensions */ = {isa = PBXBuildFile; fileRef = DD100000DD100000DD100000 /* SSHLiveActivity.appex */; platformFilter = ios; settings = {ATTRIBUTES = (RemoveHeadersOnCopy, ); }; };
/* End PBXBuildFile section */

/* Begin PBXContainerItemProxy section */
		7C724A2A2F81D5940073A650 /* PBXContainerItemProxy */ = {
			isa = PBXContainerItemProxy;
			containerPortal = 7C724A122F81D5920073A650 /* Project object */;
			proxyType = 1;
			remoteGlobalIDString = 7C724A192F81D5920073A650;
			remoteInfo = Trawl;
		};
		7C724A342F81D5940073A650 /* PBXContainerItemProxy */ = {
			isa = PBXContainerItemProxy;
			containerPortal = 7C724A122F81D5920073A650 /* Project object */;
			proxyType = 1;
			remoteGlobalIDString = 7C724A192F81D5920073A650;
			remoteInfo = Trawl;
		};
		CC900000CC900000CC900000 /* PBXContainerItemProxy */ = {
			isa = PBXContainerItemProxy;
			containerPortal = 7C724A122F81D5920073A650 /* Project object */;
			proxyType = 1;
			remoteGlobalIDString = CC000003CC000003CC000003;
			remoteInfo = TrawlShare;
		};
		DD900000DD900000DD900000 /* PBXContainerItemProxy */ = {
			isa = PBXContainerItemProxy;
			containerPortal = 7C724A122F81D5920073A650 /* Project object */;
			proxyType = 1;
			remoteGlobalIDString = DD000005DD000005DD000005;
			remoteInfo = SSHLiveActivity;
		};
/* End PBXContainerItemProxy section */

/* Begin PBXCopyFilesBuildPhase section */
		CC000020CC000020CC000020 /* Embed App Extensions */ = {
			isa = PBXCopyFilesBuildPhase;
			buildActionMask = 2147483647;
			dstPath = "";
			dstSubfolderSpec = 13;
			files = (
				CC000021CC000021CC000021 /* TrawlShare.appex in Embed App Extensions */,
				DD000021DD000021DD000021 /* SSHLiveActivity.appex in Embed App Extensions */,
			);
			name = "Embed App Extensions";
			runOnlyForDeploymentPostprocessing = 0;
		};
/* End PBXCopyFilesBuildPhase section */

/* Begin PBXFileReference section */
		7C724A1A2F81D5920073A650 /* Trawl.app */ = {isa = PBXFileReference; explicitFileType = wrapper.application; includeInIndex = 0; path = Trawl.app; sourceTree = BUILT_PRODUCTS_DIR; };
		7C724A292F81D5940073A650 /* TrawlTests.xctest */ = {isa = PBXFileReference; explicitFileType = wrapper.cfbundle; includeInIndex = 0; path = TrawlTests.xctest; sourceTree = BUILT_PRODUCTS_DIR; };
		7C724A332F81D5940073A650 /* TrawlUITests.xctest */ = {isa = PBXFileReference; explicitFileType = wrapper.cfbundle; includeInIndex = 0; path = TrawlUITests.xctest; sourceTree = BUILT_PRODUCTS_DIR; };
		CC100000CC100000CC100000 /* TrawlShare.appex */ = {isa = PBXFileReference; explicitFileType = "wrapper.app-extension"; includeInIndex = 0; path = TrawlShare.appex; sourceTree = BUILT_PRODUCTS_DIR; };
		DD100000DD100000DD100000 /* SSHLiveActivity.appex */ = {isa = PBXFileReference; explicitFileType = "wrapper.app-extension"; includeInIndex = 0; path = SSHLiveActivity.appex; sourceTree = BUILT_PRODUCTS_DIR; };
		EE000001EE000001EE000001 /* TrawlMac.app */ = {isa = PBXFileReference; explicitFileType = wrapper.application; includeInIndex = 0; path = TrawlMac.app; sourceTree = BUILT_PRODUCTS_DIR; };
/* End PBXFileReference section */

/* Begin PBXFileSystemSynchronizedBuildFileExceptionSet section */
		BB000001BB000001BB000001 /* Exceptions for "Trawl" folder in "Trawl" target */ = {
			isa = PBXFileSystemSynchronizedBuildFileExceptionSet;
			membershipExceptions = (
				Info.plist,
				Share/ShareAddTorrentView.swift,
				Share/ShareViewController.swift,
				"TrawlApp-Info.plist",
				"TrawlMac-Info.plist",
			);
			target = 7C724A192F81D5920073A650 /* Trawl */;
		};
		CCB00000CCB00000CCB00000 /* Exceptions for "Trawl" folder in "TrawlShare" target */ = {
			isa = PBXFileSystemSynchronizedBuildFileExceptionSet;
			membershipExceptions = (
				ArrStack/ArrActivityView.swift,
				ArrStack/ArrAPIClient.swift,
				ArrStack/ArrArtworkView.swift,
				ArrStack/ArrCalendarView.swift,
				ArrStack/ArrDiskSpaceView.swift,
				ArrStack/ArrHistoryView.swift,
				ArrStack/ArrServiceManager.swift,
				ArrStack/ArrServiceProfile.swift,
				ArrStack/ArrServicesSettingsView.swift,
				ArrStack/ArrSetupSheet.swift,
				ArrStack/ArrSetupViewModel.swift,
				ArrStack/ArrSharedModels.swift,
				ArrStack/ArrWantedView.swift,
				ArrStack/RadarrAddMovieSheet.swift,
				ArrStack/RadarrAPIClient.swift,
				ArrStack/RadarrEditMovieSheet.swift,
				ArrStack/RadarrModels.swift,
				ArrStack/RadarrMovieDetailView.swift,
				ArrStack/RadarrMovieListView.swift,
				ArrStack/RadarrViewModel.swift,
				ArrStack/SonarrAddSeriesSheet.swift,
				ArrStack/SonarrAPIClient.swift,
				ArrStack/SonarrEditSeriesSheet.swift,
				ArrStack/SonarrModels.swift,
				ArrStack/SonarrSeriesDetailView.swift,
				ArrStack/SonarrSeriesListView.swift,
				ArrStack/SonarrViewModel.swift,
				Assets.xcassets,
				CLAUDE_CODE_GUIDE.md,
				Info.plist,
				Services/AppServices.swift,
				Services/ArtworkCache.swift,
				Services/NotificationService.swift,
				Services/SyncService.swift,
				Services/TorrentService.swift,
				SSH/SSHConnection.swift,
				SSH/SSHProfile.swift,
				SSH/SSHProfileEditSheet.swift,
				SSH/SSHProfileListView.swift,
				SSH/SSHSessionView.swift,
				SSH/SSHTerminalView.swift,
				"TrawlApp-Info.plist",
				TrawlApp.swift,
				"TrawlMac-Info.plist",
				Utilities/ByteFormatter.swift,
				ViewModels/AddTorrentViewModel.swift,
				ViewModels/OnboardingViewModel.swift,
				ViewModels/SettingsViewModel.swift,
				ViewModels/TorrentDetailViewModel.swift,
				ViewModels/TorrentListViewModel.swift,
				Views/AddTorrentSheet.swift,
				Views/ContentView.swift,
				Views/DocumentPicker.swift,
				Views/FileListView.swift,
				Views/MoreView.swift,
				Views/OnboardingSheet.swift,
				Views/QBittorrentCategoriesView.swift,
				Views/SearchView.swift,
				Views/ServerListView.swift,
				Views/QBittorrentTagsView.swift,
				Views/SettingsView.swift,
				Views/TorrentDetailView.swift,
				Views/TorrentListView.swift,
				Views/TorrentRowView.swift,
				Views/TrackerListView.swift,
			);
			target = CC000003CC000003CC000003 /* TrawlShare */;
		};
		DD000001DD000001DD000001 /* Exceptions for "TrawlLiveActivity" folder in "SSHLiveActivity" target */ = {
			isa = PBXFileSystemSynchronizedBuildFileExceptionSet;
			membershipExceptions = (
				Info.plist,
			);
			target = DD000005DD000005DD000005 /* SSHLiveActivity */;
		};
		EE000007EE000007EE000007 /* Exceptions for "Trawl" folder in "TrawlMac" target */ = {
			isa = PBXFileSystemSynchronizedBuildFileExceptionSet;
			membershipExceptions = (
				ArrStack/ArrActivityView.swift,
				ArrStack/ArrAPIClient.swift,
				ArrStack/ArrServiceManager.swift,
				ArrStack/ArrServiceProfile.swift,
				ArrStack/ArrServicesSettingsView.swift,
				ArrStack/ArrSetupSheet.swift,
				ArrStack/ArrSetupViewModel.swift,
				ArrStack/ArrSharedModels.swift,
				ArrStack/RadarrAddMovieSheet.swift,
				ArrStack/RadarrAPIClient.swift,
				ArrStack/RadarrModels.swift,
				ArrStack/RadarrMovieDetailView.swift,
				ArrStack/RadarrMovieListView.swift,
				ArrStack/RadarrViewModel.swift,
				ArrStack/SonarrAddSeriesSheet.swift,
				ArrStack/SonarrAPIClient.swift,
				ArrStack/SonarrModels.swift,
				ArrStack/SonarrSeriesDetailView.swift,
				ArrStack/SonarrSeriesListView.swift,
				ArrStack/SonarrViewModel.swift,
				CLAUDE_CODE_GUIDE.md,
				Info.plist,
				Share/ShareAddTorrentView.swift,
				Share/ShareViewController.swift,
				"TrawlApp-Info.plist",
				Views/DocumentPicker.swift,
			);
			target = EE000005EE000005EE000005 /* TrawlMac */;
		};
/* End PBXFileSystemSynchronizedBuildFileExceptionSet section */

/* Begin PBXFileSystemSynchronizedRootGroup section */
		7C724A1C2F81D5920073A650 /* Trawl */ = {
			isa = PBXFileSystemSynchronizedRootGroup;
			exceptions = (
				BB000001BB000001BB000001 /* Exceptions for "Trawl" folder in "Trawl" target */,
			);
			path = Trawl;
			sourceTree = "<group>";
		};
		7C724A2C2F81D5940073A650 /* TrawlTests */ = {
			isa = PBXFileSystemSynchronizedRootGroup;
			path = TrawlTests;
			sourceTree = "<group>";
		};
		7C724A362F81D5940073A650 /* TrawlUITests */ = {
			isa = PBXFileSystemSynchronizedRootGroup;
			path = TrawlUITests;
			sourceTree = "<group>";
		};
		CC000013CC000013CC000013 /* Trawl */ = {
			isa = PBXFileSystemSynchronizedRootGroup;
			exceptions = (
				CCB00000CCB00000CCB00000 /* Exceptions for "Trawl" folder in "TrawlShare" target */,
			);
			path = Trawl;
			sourceTree = "<group>";
		};
		DD000002DD000002DD000002 /* TrawlLiveActivity */ = {
			isa = PBXFileSystemSynchronizedRootGroup;
			exceptions = (
				DD000001DD000001DD000001 /* Exceptions for "TrawlLiveActivity" folder in "SSHLiveActivity" target */,
			);
			path = TrawlLiveActivity;
			sourceTree = "<group>";
		};
		EE000006EE000006EE000006 /* Trawl */ = {
			isa = PBXFileSystemSynchronizedRootGroup;
			exceptions = (
				EE000007EE000007EE000007 /* Exceptions for "Trawl" folder in "TrawlMac" target */,
			);
			path = Trawl;
			sourceTree = "<group>";
		};
/* End PBXFileSystemSynchronizedRootGroup section */

/* Begin PBXFrameworksBuildPhase section */
		7C724A172F81D5920073A650 /* Frameworks */ = {
			isa = PBXFrameworksBuildPhase;
			buildActionMask = 2147483647;
			files = (
				7C8E12A32F904F7200D5EBFA /* SwiftTerm in Frameworks */,
				7C8E12A62F908FD800D5EBFA /* CSSH in Frameworks */,
			);
			runOnlyForDeploymentPostprocessing = 0;
		};
		7C724A262F81D5940073A650 /* Frameworks */ = {
			isa = PBXFrameworksBuildPhase;
			buildActionMask = 2147483647;
			files = (
			);
			runOnlyForDeploymentPostprocessing = 0;
		};
		7C724A302F81D5940073A650 /* Frameworks */ = {
			isa = PBXFrameworksBuildPhase;
			buildActionMask = 2147483647;
			files = (
			);
			runOnlyForDeploymentPostprocessing = 0;
		};
		CC400000CC400000CC400000 /* Frameworks */ = {
			isa = PBXFrameworksBuildPhase;
			buildActionMask = 2147483647;
			files = (
			);
			runOnlyForDeploymentPostprocessing = 0;
		};
		DD000003DD000003DD000003 /* Frameworks */ = {
			isa = PBXFrameworksBuildPhase;
			buildActionMask = 2147483647;
			files = (
			);
			runOnlyForDeploymentPostprocessing = 0;
		};
		EE000003EE000003EE000003 /* Frameworks */ = {
			isa = PBXFrameworksBuildPhase;
			buildActionMask = 2147483647;
			files = (
			);
			runOnlyForDeploymentPostprocessing = 0;
		};
/* End PBXFrameworksBuildPhase section */

/* Begin PBXGroup section */
		7C724A112F81D5920073A650 = {
			isa = PBXGroup;
			children = (
				7C724A1C2F81D5920073A650 /* Trawl */,
				7C724A2C2F81D5940073A650 /* TrawlTests */,
				7C724A362F81D5940073A650 /* TrawlUITests */,
				DD000002DD000002DD000002 /* TrawlLiveActivity */,
				7C724A1B2F81D5920073A650 /* Products */,
				7C724DEA2F81E0170073A650 /* Recovered References */,
			);
			sourceTree = "<group>";
		};
		7C724A1B2F81D5920073A650 /* Products */ = {
			isa = PBXGroup;
			children = (
				7C724A1A2F81D5920073A650 /* Trawl.app */,
				EE000001EE000001EE000001 /* TrawlMac.app */,
				7C724A292F81D5940073A650 /* TrawlTests.xctest */,
				7C724A332F81D5940073A650 /* TrawlUITests.xctest */,
				CC100000CC100000CC100000 /* TrawlShare.appex */,
				DD100000DD100000DD100000 /* SSHLiveActivity.appex */,
			);
			name = Products;
			sourceTree = "<group>";
		};
		7C724DEA2F81E0170073A650 /* Recovered References */ = {
			isa = PBXGroup;
			children = (
				CC000013CC000013CC000013 /* Trawl */,
				EE000006EE000006EE000006 /* Trawl */,
			);
			name = "Recovered References";
			sourceTree = "<group>";
		};
/* End PBXGroup section */

/* Begin PBXNativeTarget section */
		7C724A192F81D5920073A650 /* Trawl */ = {
			isa = PBXNativeTarget;
			buildConfigurationList = 7C724A3D2F81D5940073A650 /* Build configuration list for PBXNativeTarget "Trawl" */;
			buildPhases = (
				7C724A162F81D5920073A650 /* Sources */,
				7C724A172F81D5920073A650 /* Frameworks */,
				7C724A182F81D5920073A650 /* Resources */,
				CC000020CC000020CC000020 /* Embed App Extensions */,
			);
			buildRules = (
			);
			dependencies = (
				CCA00000CCA00000CCA00000 /* PBXTargetDependency */,
				DDA00000DDA00000DDA00000 /* PBXTargetDependency */,
			);
			fileSystemSynchronizedGroups = (
				7C724A1C2F81D5920073A650 /* Trawl */,
			);
			name = Trawl;
			packageProductDependencies = (
				7C8E12A22F904F7200D5EBFA /* SwiftTerm */,
				7C8E12A52F908FD800D5EBFA /* CSSH */,
			);
			productName = Trawl;
			productReference = 7C724A1A2F81D5920073A650 /* Trawl.app */;
			productType = "com.apple.product-type.application";
		};
		7C724A282F81D5940073A650 /* TrawlTests */ = {
			isa = PBXNativeTarget;
			buildConfigurationList = 7C724A402F81D5940073A650 /* Build configuration list for PBXNativeTarget "TrawlTests" */;
			buildPhases = (
				7C724A252F81D5940073A650 /* Sources */,
				7C724A262F81D5940073A650 /* Frameworks */,
				7C724A272F81D5940073A650 /* Resources */,
			);
			buildRules = (
			);
			dependencies = (
				7C724A2B2F81D5940073A650 /* PBXTargetDependency */,
			);
			fileSystemSynchronizedGroups = (
				7C724A2C2F81D5940073A650 /* TrawlTests */,
			);
			name = TrawlTests;
			packageProductDependencies = (
			);
			productName = TrawlTests;
			productReference = 7C724A292F81D5940073A650 /* TrawlTests.xctest */;
			productType = "com.apple.product-type.bundle.unit-test";
		};
		7C724A322F81D5940073A650 /* TrawlUITests */ = {
			isa = PBXNativeTarget;
			buildConfigurationList = 7C724A432F81D5940073A650 /* Build configuration list for PBXNativeTarget "TrawlUITests" */;
			buildPhases = (
				7C724A2F2F81D5940073A650 /* Sources */,
				7C724A302F81D5940073A650 /* Frameworks */,
				7C724A312F81D5940073A650 /* Resources */,
			);
			buildRules = (
			);
			dependencies = (
				7C724A352F81D5940073A650 /* PBXTargetDependency */,
			);
			fileSystemSynchronizedGroups = (
				7C724A362F81D5940073A650 /* TrawlUITests */,
			);
			name = TrawlUITests;
			packageProductDependencies = (
			);
			productName = TrawlUITests;
			productReference = 7C724A332F81D5940073A650 /* TrawlUITests.xctest */;
			productType = "com.apple.product-type.bundle.ui-testing";
		};
		CC000003CC000003CC000003 /* TrawlShare */ = {
			isa = PBXNativeTarget;
			buildConfigurationList = CC800000CC800000CC800000 /* Build configuration list for PBXNativeTarget "TrawlShare" */;
			buildPhases = (
				CC300000CC300000CC300000 /* Sources */,
				CC400000CC400000CC400000 /* Frameworks */,
				CC500000CC500000CC500000 /* Resources */,
			);
			buildRules = (
			);
			dependencies = (
			);
			fileSystemSynchronizedGroups = (
				CC000013CC000013CC000013 /* Trawl */,
			);
			name = TrawlShare;
			packageProductDependencies = (
			);
			productName = TrawlShare;
			productReference = CC100000CC100000CC100000 /* TrawlShare.appex */;
			productType = "com.apple.product-type.app-extension";
		};
		DD000005DD000005DD000005 /* SSHLiveActivity */ = {
			isa = PBXNativeTarget;
			buildConfigurationList = DD800000DD800000DD800000 /* Build configuration list for PBXNativeTarget "SSHLiveActivity" */;
			buildPhases = (
				DD000006DD000006DD000006 /* Sources */,
				DD000003DD000003DD000003 /* Frameworks */,
				DD000004DD000004DD000004 /* Resources */,
			);
			buildRules = (
			);
			dependencies = (
			);
			fileSystemSynchronizedGroups = (
				DD000002DD000002DD000002 /* TrawlLiveActivity */,
			);
			name = SSHLiveActivity;
			packageProductDependencies = (
			);
			productName = SSHLiveActivity;
			productReference = DD100000DD100000DD100000 /* SSHLiveActivity.appex */;
			productType = "com.apple.product-type.app-extension";
		};
		EE000005EE000005EE000005 /* TrawlMac */ = {
			isa = PBXNativeTarget;
			buildConfigurationList = EE000010EE000010EE000010 /* Build configuration list for PBXNativeTarget "TrawlMac" */;
			buildPhases = (
				EE000002EE000002EE000002 /* Sources */,
				EE000003EE000003EE000003 /* Frameworks */,
				EE000004EE000004EE000004 /* Resources */,
			);
			buildRules = (
			);
			dependencies = (
			);
			fileSystemSynchronizedGroups = (
				EE000006EE000006EE000006 /* Trawl */,
			);
			name = TrawlMac;
			packageProductDependencies = (
			);
			productName = TrawlMac;
			productReference = EE000001EE000001EE000001 /* TrawlMac.app */;
			productType = "com.apple.product-type.application";
		};
/* End PBXNativeTarget section */

/* Begin PBXProject section */
		7C724A122F81D5920073A650 /* Project object */ = {
			isa = PBXProject;
			attributes = {
				BuildIndependentTargetsInParallel = 1;
				LastSwiftUpdateCheck = 2640;
				LastUpgradeCheck = 2640;
				TargetAttributes = {
					7C724A192F81D5920073A650 = {
						CreatedOnToolsVersion = 26.4;
					};
					7C724A282F81D5940073A650 = {
						CreatedOnToolsVersion = 26.4;
						TestTargetID = 7C724A192F81D5920073A650;
					};
					7C724A322F81D5940073A650 = {
						CreatedOnToolsVersion = 26.4;
						TestTargetID = 7C724A192F81D5920073A650;
					};
					DD000005DD000005DD000005 = {
						CreatedOnToolsVersion = 26.4;
					};
					EE000005EE000005EE000005 = {
						CreatedOnToolsVersion = 26.4;
					};
				};
			};
			buildConfigurationList = 7C724A152F81D5920073A650 /* Build configuration list for PBXProject "Trawl" */;
			developmentRegion = en;
			hasScannedForEncodings = 0;
			knownRegions = (
				en,
				Base,
			);
			mainGroup = 7C724A112F81D5920073A650;
			minimizedProjectReferenceProxies = 1;
			packageReferences = (
				7C8E12A12F904F7200D5EBFA /* XCRemoteSwiftPackageReference "SwiftTerm" */,
				7C8E12A42F908FD800D5EBFA /* XCRemoteSwiftPackageReference "Libssh2Prebuild" */,
			);
			preferredProjectObjectVersion = 77;
			productRefGroup = 7C724A1B2F81D5920073A650 /* Products */;
			projectDirPath = "";
			projectRoot = "";
			targets = (
				7C724A192F81D5920073A650 /* Trawl */,
				7C724A282F81D5940073A650 /* TrawlTests */,
				7C724A322F81D5940073A650 /* TrawlUITests */,
				CC000003CC000003CC000003 /* TrawlShare */,
				DD000005DD000005DD000005 /* SSHLiveActivity */,
				EE000005EE000005EE000005 /* TrawlMac */,
			);
		};
/* End PBXProject section */

/* Begin PBXResourcesBuildPhase section */
		7C724A182F81D5920073A650 /* Resources */ = {
			isa = PBXResourcesBuildPhase;
			buildActionMask = 2147483647;
			files = (
			);
			runOnlyForDeploymentPostprocessing = 0;
		};
		7C724A272F81D5940073A650 /* Resources */ = {
			isa = PBXResourcesBuildPhase;
			buildActionMask = 2147483647;
			files = (
			);
			runOnlyForDeploymentPostprocessing = 0;
		};
		7C724A312F81D5940073A650 /* Resources */ = {
			isa = PBXResourcesBuildPhase;
			buildActionMask = 2147483647;
			files = (
			);
			runOnlyForDeploymentPostprocessing = 0;
		};
		CC500000CC500000CC500000 /* Resources */ = {
			isa = PBXResourcesBuildPhase;
			buildActionMask = 2147483647;
			files = (
			);
			runOnlyForDeploymentPostprocessing = 0;
		};
		DD000004DD000004DD000004 /* Resources */ = {
			isa = PBXResourcesBuildPhase;
			buildActionMask = 2147483647;
			files = (
			);
			runOnlyForDeploymentPostprocessing = 0;
		};
		EE000004EE000004EE000004 /* Resources */ = {
			isa = PBXResourcesBuildPhase;
			buildActionMask = 2147483647;
			files = (
			);
			runOnlyForDeploymentPostprocessing = 0;
		};
/* End PBXResourcesBuildPhase section */

/* Begin PBXSourcesBuildPhase section */
		7C724A162F81D5920073A650 /* Sources */ = {
			isa = PBXSourcesBuildPhase;
			buildActionMask = 2147483647;
			files = (
			);
			runOnlyForDeploymentPostprocessing = 0;
		};
		7C724A252F81D5940073A650 /* Sources */ = {
			isa = PBXSourcesBuildPhase;
			buildActionMask = 2147483647;
			files = (
			);
			runOnlyForDeploymentPostprocessing = 0;
		};
		7C724A2F2F81D5940073A650 /* Sources */ = {
			isa = PBXSourcesBuildPhase;
			buildActionMask = 2147483647;
			files = (
			);
			runOnlyForDeploymentPostprocessing = 0;
		};
		CC300000CC300000CC300000 /* Sources */ = {
			isa = PBXSourcesBuildPhase;
			buildActionMask = 2147483647;
			files = (
			);
			runOnlyForDeploymentPostprocessing = 0;
		};
		DD000006DD000006DD000006 /* Sources */ = {
			isa = PBXSourcesBuildPhase;
			buildActionMask = 2147483647;
			files = (
			);
			runOnlyForDeploymentPostprocessing = 0;
		};
		EE000002EE000002EE000002 /* Sources */ = {
			isa = PBXSourcesBuildPhase;
			buildActionMask = 2147483647;
			files = (
			);
			runOnlyForDeploymentPostprocessing = 0;
		};
/* End PBXSourcesBuildPhase section */

/* Begin PBXTargetDependency section */
		7C724A2B2F81D5940073A650 /* PBXTargetDependency */ = {
			isa = PBXTargetDependency;
			target = 7C724A192F81D5920073A650 /* Trawl */;
			targetProxy = 7C724A2A2F81D5940073A650 /* PBXContainerItemProxy */;
		};
		7C724A352F81D5940073A650 /* PBXTargetDependency */ = {
			isa = PBXTargetDependency;
			target = 7C724A192F81D5920073A650 /* Trawl */;
			targetProxy = 7C724A342F81D5940073A650 /* PBXContainerItemProxy */;
		};
		CCA00000CCA00000CCA00000 /* PBXTargetDependency */ = {
			isa = PBXTargetDependency;
			target = CC000003CC000003CC000003 /* TrawlShare */;
			targetProxy = CC900000CC900000CC900000 /* PBXContainerItemProxy */;
		};
		DDA00000DDA00000DDA00000 /* PBXTargetDependency */ = {
			isa = PBXTargetDependency;
			target = DD000005DD000005DD000005 /* SSHLiveActivity */;
			targetProxy = DD900000DD900000DD900000 /* PBXContainerItemProxy */;
		};
/* End PBXTargetDependency section */

/* Begin XCBuildConfiguration section */
		7C724A3B2F81D5940073A650 /* Debug */ = {
			isa = XCBuildConfiguration;
			buildSettings = {
				ALWAYS_SEARCH_USER_PATHS = NO;
				ASSETCATALOG_COMPILER_GENERATE_SWIFT_ASSET_SYMBOL_EXTENSIONS = YES;
				CLANG_ANALYZER_NONNULL = YES;
				CLANG_ANALYZER_NUMBER_OBJECT_CONVERSION = YES_AGGRESSIVE;
				CLANG_CXX_LANGUAGE_STANDARD = "gnu++20";
				CLANG_ENABLE_MODULES = YES;
				CLANG_ENABLE_OBJC_ARC = YES;
				CLANG_ENABLE_OBJC_WEAK = YES;
				CLANG_WARN_BLOCK_CAPTURE_AUTORELEASING = YES;
				CLANG_WARN_BOOL_CONVERSION = YES;
				CLANG_WARN_COMMA = YES;
				CLANG_WARN_CONSTANT_CONVERSION = YES;
				CLANG_WARN_DEPRECATED_OBJC_IMPLEMENTATIONS = YES;
				CLANG_WARN_DIRECT_OBJC_ISA_USAGE = YES_ERROR;
				CLANG_WARN_DOCUMENTATION_COMMENTS = YES;
				CLANG_WARN_EMPTY_BODY = YES;
				CLANG_WARN_ENUM_CONVERSION = YES;
				CLANG_WARN_INFINITE_RECURSION = YES;
				CLANG_WARN_INT_CONVERSION = YES;
				CLANG_WARN_NON_LITERAL_NULL_CONVERSION = YES;
				CLANG_WARN_OBJC_IMPLICIT_RETAIN_SELF = YES;
				CLANG_WARN_OBJC_LITERAL_CONVERSION = YES;
				CLANG_WARN_OBJC_ROOT_CLASS = YES_ERROR;
				CLANG_WARN_QUOTED_INCLUDE_IN_FRAMEWORK_HEADER = YES;
				CLANG_WARN_RANGE_LOOP_ANALYSIS = YES;
				CLANG_WARN_STRICT_PROTOTYPES = YES;
				CLANG_WARN_SUSPICIOUS_MOVE = YES;
				CLANG_WARN_UNGUARDED_AVAILABILITY = YES_AGGRESSIVE;
				CLANG_WARN_UNREACHABLE_CODE = YES;
				CLANG_WARN__DUPLICATE_METHOD_MATCH = YES;
				COPY_PHASE_STRIP = NO;
				DEBUG_INFORMATION_FORMAT = dwarf;
				DEVELOPMENT_TEAM = L9DB7QA9DE;
				ENABLE_STRICT_OBJC_MSGSEND = YES;
				ENABLE_TESTABILITY = YES;
				ENABLE_USER_SCRIPT_SANDBOXING = YES;
				GCC_C_LANGUAGE_STANDARD = gnu17;
				GCC_DYNAMIC_NO_PIC = NO;
				GCC_NO_COMMON_BLOCKS = YES;
				GCC_OPTIMIZATION_LEVEL = 0;
				GCC_PREPROCESSOR_DEFINITIONS = (
					"DEBUG=1",
					"$(inherited)",
				);
				GCC_WARN_64_TO_32_BIT_CONVERSION = YES;
				GCC_WARN_ABOUT_RETURN_TYPE = YES_ERROR;
				GCC_WARN_UNDECLARED_SELECTOR = YES;
				GCC_WARN_UNINITIALIZED_AUTOS = YES_AGGRESSIVE;
				GCC_WARN_UNUSED_FUNCTION = YES;
				GCC_WARN_UNUSED_VARIABLE = YES;
				LOCALIZATION_PREFERS_STRING_CATALOGS = YES;
				MTL_ENABLE_DEBUG_INFO = INCLUDE_SOURCE;
				MTL_FAST_MATH = YES;
				ONLY_ACTIVE_ARCH = YES;
				SWIFT_ACTIVE_COMPILATION_CONDITIONS = "DEBUG $(inherited)";
				SWIFT_OPTIMIZATION_LEVEL = "-Onone";
			};
			name = Debug;
		};
		7C724A3C2F81D5940073A650 /* Release */ = {
			isa = XCBuildConfiguration;
			buildSettings = {
				ALWAYS_SEARCH_USER_PATHS = NO;
				ASSETCATALOG_COMPILER_GENERATE_SWIFT_ASSET_SYMBOL_EXTENSIONS = YES;
				CLANG_ANALYZER_NONNULL = YES;
				CLANG_ANALYZER_NUMBER_OBJECT_CONVERSION = YES_AGGRESSIVE;
				CLANG_CXX_LANGUAGE_STANDARD = "gnu++20";
				CLANG_ENABLE_MODULES = YES;
				CLANG_ENABLE_OBJC_ARC = YES;
				CLANG_ENABLE_OBJC_WEAK = YES;
				CLANG_WARN_BLOCK_CAPTURE_AUTORELEASING = YES;
				CLANG_WARN_BOOL_CONVERSION = YES;
				CLANG_WARN_COMMA = YES;
				CLANG_WARN_CONSTANT_CONVERSION = YES;
				CLANG_WARN_DEPRECATED_OBJC_IMPLEMENTATIONS = YES;
				CLANG_WARN_DIRECT_OBJC_ISA_USAGE = YES_ERROR;
				CLANG_WARN_DOCUMENTATION_COMMENTS = YES;
				CLANG_WARN_EMPTY_BODY = YES;
				CLANG_WARN_ENUM_CONVERSION = YES;
				CLANG_WARN_INFINITE_RECURSION = YES;
				CLANG_WARN_INT_CONVERSION = YES;
				CLANG_WARN_NON_LITERAL_NULL_CONVERSION = YES;
				CLANG_WARN_OBJC_IMPLICIT_RETAIN_SELF = YES;
				CLANG_WARN_OBJC_LITERAL_CONVERSION = YES;
				CLANG_WARN_OBJC_ROOT_CLASS = YES_ERROR;
				CLANG_WARN_QUOTED_INCLUDE_IN_FRAMEWORK_HEADER = YES;
				CLANG_WARN_RANGE_LOOP_ANALYSIS = YES;
				CLANG_WARN_STRICT_PROTOTYPES = YES;
				CLANG_WARN_SUSPICIOUS_MOVE = YES;
				CLANG_WARN_UNGUARDED_AVAILABILITY = YES_AGGRESSIVE;
				CLANG_WARN_UNREACHABLE_CODE = YES;
				CLANG_WARN__DUPLICATE_METHOD_MATCH = YES;
				COPY_PHASE_STRIP = NO;
				DEBUG_INFORMATION_FORMAT = "dwarf-with-dsym";
				DEVELOPMENT_TEAM = L9DB7QA9DE;
				ENABLE_NS_ASSERTIONS = NO;
				ENABLE_STRICT_OBJC_MSGSEND = YES;
				ENABLE_USER_SCRIPT_SANDBOXING = YES;
				GCC_C_LANGUAGE_STANDARD = gnu17;
				GCC_NO_COMMON_BLOCKS = YES;
				GCC_WARN_64_TO_32_BIT_CONVERSION = YES;
				GCC_WARN_ABOUT_RETURN_TYPE = YES_ERROR;
				GCC_WARN_UNDECLARED_SELECTOR = YES;
				GCC_WARN_UNINITIALIZED_AUTOS = YES_AGGRESSIVE;
				GCC_WARN_UNUSED_FUNCTION = YES;
				GCC_WARN_UNUSED_VARIABLE = YES;
				LOCALIZATION_PREFERS_STRING_CATALOGS = YES;
				MTL_ENABLE_DEBUG_INFO = NO;
				MTL_FAST_MATH = YES;
				SWIFT_COMPILATION_MODE = wholemodule;
			};
			name = Release;
		};
		7C724A3E2F81D5940073A650 /* Debug */ = {
			isa = XCBuildConfiguration;
			buildSettings = {
				ASSETCATALOG_COMPILER_APPICON_NAME = AppIcon;
				ASSETCATALOG_COMPILER_GLOBAL_ACCENT_COLOR_NAME = AccentColor;
				CODE_SIGN_ENTITLEMENTS = Trawl/Trawl.entitlements;
				CODE_SIGN_STYLE = Automatic;
				CURRENT_PROJECT_VERSION = 1;
				DEVELOPMENT_TEAM = L9DB7QA9DE;
				ENABLE_PREVIEWS = YES;
				GENERATE_INFOPLIST_FILE = NO;
				INFOPLIST_FILE = "Trawl/TrawlApp-Info.plist";
				INFOPLIST_KEY_LSApplicationCategoryType = "public.app-category.utilities";
				IPHONEOS_DEPLOYMENT_TARGET = 26.0;
				LD_RUNPATH_SEARCH_PATHS = "@executable_path/Frameworks";
				MARKETING_VERSION = 1.0;
				PRODUCT_BUNDLE_IDENTIFIER = com.poole.james.Trawl;
				PRODUCT_NAME = "$(TARGET_NAME)";
				REGISTER_APP_GROUPS = YES;
				SDKROOT = iphoneos;
				STRING_CATALOG_GENERATE_SYMBOLS = YES;
				SUPPORTED_PLATFORMS = "iphoneos iphonesimulator";
				SUPPORTS_MACCATALYST = NO;
				SUPPORTS_MAC_DESIGNED_FOR_IPHONE_IPAD = NO;
				SWIFT_APPROACHABLE_CONCURRENCY = YES;
				SWIFT_DEFAULT_ACTOR_ISOLATION = MainActor;
				SWIFT_EMIT_LOC_STRINGS = YES;
				SWIFT_UPCOMING_FEATURE_MEMBER_IMPORT_VISIBILITY = YES;
				SWIFT_VERSION = 5.0;
				TARGETED_DEVICE_FAMILY = "1,2";
			};
			name = Debug;
		};
		7C724A3F2F81D5940073A650 /* Release */ = {
			isa = XCBuildConfiguration;
			buildSettings = {
				ASSETCATALOG_COMPILER_APPICON_NAME = AppIcon;
				ASSETCATALOG_COMPILER_GLOBAL_ACCENT_COLOR_NAME = AccentColor;
				CODE_SIGN_ENTITLEMENTS = Trawl/Trawl.entitlements;
				CODE_SIGN_STYLE = Automatic;
				CURRENT_PROJECT_VERSION = 1;
				DEVELOPMENT_TEAM = L9DB7QA9DE;
				ENABLE_PREVIEWS = YES;
				GENERATE_INFOPLIST_FILE = NO;
				INFOPLIST_FILE = "Trawl/TrawlApp-Info.plist";
				INFOPLIST_KEY_LSApplicationCategoryType = "public.app-category.utilities";
				IPHONEOS_DEPLOYMENT_TARGET = 26.0;
				LD_RUNPATH_SEARCH_PATHS = "@executable_path/Frameworks";
				MARKETING_VERSION = 1.0;
				PRODUCT_BUNDLE_IDENTIFIER = com.poole.james.Trawl;
				PRODUCT_NAME = "$(TARGET_NAME)";
				REGISTER_APP_GROUPS = YES;
				SDKROOT = iphoneos;
				STRING_CATALOG_GENERATE_SYMBOLS = YES;
				SUPPORTED_PLATFORMS = "iphoneos iphonesimulator";
				SUPPORTS_MACCATALYST = NO;
				SUPPORTS_MAC_DESIGNED_FOR_IPHONE_IPAD = NO;
				SWIFT_APPROACHABLE_CONCURRENCY = YES;
				SWIFT_DEFAULT_ACTOR_ISOLATION = MainActor;
				SWIFT_EMIT_LOC_STRINGS = YES;
				SWIFT_UPCOMING_FEATURE_MEMBER_IMPORT_VISIBILITY = YES;
				SWIFT_VERSION = 5.0;
				TARGETED_DEVICE_FAMILY = "1,2";
			};
			name = Release;
		};
		7C724A412F81D5940073A650 /* Debug */ = {
			isa = XCBuildConfiguration;
			buildSettings = {
				BUNDLE_LOADER = "$(TEST_HOST)";
				CODE_SIGN_STYLE = Automatic;
				CURRENT_PROJECT_VERSION = 1;
				DEVELOPMENT_TEAM = L9DB7QA9DE;
				GENERATE_INFOPLIST_FILE = YES;
				IPHONEOS_DEPLOYMENT_TARGET = 26.4;
				MACOSX_DEPLOYMENT_TARGET = 26.3;
				MARKETING_VERSION = 1.0;
				PRODUCT_BUNDLE_IDENTIFIER = com.poole.james.TrawlTests;
				PRODUCT_NAME = "$(TARGET_NAME)";
				SDKROOT = auto;
				STRING_CATALOG_GENERATE_SYMBOLS = NO;
				SUPPORTED_PLATFORMS = "iphoneos iphonesimulator macosx xros xrsimulator";
				SWIFT_APPROACHABLE_CONCURRENCY = YES;
				SWIFT_EMIT_LOC_STRINGS = NO;
				SWIFT_UPCOMING_FEATURE_MEMBER_IMPORT_VISIBILITY = YES;
				SWIFT_VERSION = 5.0;
				TARGETED_DEVICE_FAMILY = "1,2,7";
				TEST_HOST = "$(BUILT_PRODUCTS_DIR)/Trawl.app/$(BUNDLE_EXECUTABLE_FOLDER_PATH)/Trawl";
				XROS_DEPLOYMENT_TARGET = 26.4;
			};
			name = Debug;
		};
		7C724A422F81D5940073A650 /* Release */ = {
			isa = XCBuildConfiguration;
			buildSettings = {
				BUNDLE_LOADER = "$(TEST_HOST)";
				CODE_SIGN_STYLE = Automatic;
				CURRENT_PROJECT_VERSION = 1;
				DEVELOPMENT_TEAM = L9DB7QA9DE;
				GENERATE_INFOPLIST_FILE = YES;
				IPHONEOS_DEPLOYMENT_TARGET = 26.4;
				MACOSX_DEPLOYMENT_TARGET = 26.3;
				MARKETING_VERSION = 1.0;
				PRODUCT_BUNDLE_IDENTIFIER = com.poole.james.TrawlTests;
				PRODUCT_NAME = "$(TARGET_NAME)";
				SDKROOT = auto;
				STRING_CATALOG_GENERATE_SYMBOLS = NO;
				SUPPORTED_PLATFORMS = "iphoneos iphonesimulator macosx xros xrsimulator";
				SWIFT_APPROACHABLE_CONCURRENCY = YES;
				SWIFT_EMIT_LOC_STRINGS = NO;
				SWIFT_UPCOMING_FEATURE_MEMBER_IMPORT_VISIBILITY = YES;
				SWIFT_VERSION = 5.0;
				TARGETED_DEVICE_FAMILY = "1,2,7";
				TEST_HOST = "$(BUILT_PRODUCTS_DIR)/Trawl.app/$(BUNDLE_EXECUTABLE_FOLDER_PATH)/Trawl";
				XROS_DEPLOYMENT_TARGET = 26.4;
			};
			name = Release;
		};
		7C724A442F81D5940073A650 /* Debug */ = {
			isa = XCBuildConfiguration;
			buildSettings = {
				CODE_SIGN_STYLE = Automatic;
				CURRENT_PROJECT_VERSION = 1;
				DEVELOPMENT_TEAM = L9DB7QA9DE;
				GENERATE_INFOPLIST_FILE = YES;
				IPHONEOS_DEPLOYMENT_TARGET = 26.4;
				MACOSX_DEPLOYMENT_TARGET = 26.3;
				MARKETING_VERSION = 1.0;
				PRODUCT_BUNDLE_IDENTIFIER = com.poole.james.TrawlUITests;
				PRODUCT_NAME = "$(TARGET_NAME)";
				SDKROOT = auto;
				STRING_CATALOG_GENERATE_SYMBOLS = NO;
				SUPPORTED_PLATFORMS = "iphoneos iphonesimulator macosx xros xrsimulator";
				SWIFT_APPROACHABLE_CONCURRENCY = YES;
				SWIFT_EMIT_LOC_STRINGS = NO;
				SWIFT_UPCOMING_FEATURE_MEMBER_IMPORT_VISIBILITY = YES;
				SWIFT_VERSION = 5.0;
				TARGETED_DEVICE_FAMILY = "1,2,7";
				TEST_TARGET_NAME = Trawl;
				XROS_DEPLOYMENT_TARGET = 26.4;
			};
			name = Debug;
		};
		7C724A452F81D5940073A650 /* Release */ = {
			isa = XCBuildConfiguration;
			buildSettings = {
				CODE_SIGN_STYLE = Automatic;
				CURRENT_PROJECT_VERSION = 1;
				DEVELOPMENT_TEAM = L9DB7QA9DE;
				GENERATE_INFOPLIST_FILE = YES;
				IPHONEOS_DEPLOYMENT_TARGET = 26.4;
				MACOSX_DEPLOYMENT_TARGET = 26.3;
				MARKETING_VERSION = 1.0;
				PRODUCT_BUNDLE_IDENTIFIER = com.poole.james.TrawlUITests;
				PRODUCT_NAME = "$(TARGET_NAME)";
				SDKROOT = auto;
				STRING_CATALOG_GENERATE_SYMBOLS = NO;
				SUPPORTED_PLATFORMS = "iphoneos iphonesimulator macosx xros xrsimulator";
				SWIFT_APPROACHABLE_CONCURRENCY = YES;
				SWIFT_EMIT_LOC_STRINGS = NO;
				SWIFT_UPCOMING_FEATURE_MEMBER_IMPORT_VISIBILITY = YES;
				SWIFT_VERSION = 5.0;
				TARGETED_DEVICE_FAMILY = "1,2,7";
				TEST_TARGET_NAME = Trawl;
				XROS_DEPLOYMENT_TARGET = 26.4;
			};
			name = Release;
		};
		CC600000CC600000CC600000 /* Debug */ = {
			isa = XCBuildConfiguration;
			buildSettings = {
				CODE_SIGN_ALLOW_ENTITLEMENTS_MODIFICATION = YES;
				CODE_SIGN_ENTITLEMENTS = Trawl/TrawlShare.entitlements;
				CODE_SIGN_STYLE = Automatic;
				CURRENT_PROJECT_VERSION = 1;
				DEVELOPMENT_TEAM = L9DB7QA9DE;
				GENERATE_INFOPLIST_FILE = NO;
				INFOPLIST_FILE = Trawl/Info.plist;
				IPHONEOS_DEPLOYMENT_TARGET = 26.0;
				LD_RUNPATH_SEARCH_PATHS = (
					"@executable_path/Frameworks",
					"@executable_path/../../Frameworks",
				);
				MARKETING_VERSION = 1.0;
				PRODUCT_BUNDLE_IDENTIFIER = com.poole.james.Trawl.TrawlShare;
				PRODUCT_NAME = "$(TARGET_NAME)";
				SDKROOT = iphoneos;
				SKIP_INSTALL = YES;
				SUPPORTED_PLATFORMS = "iphoneos iphonesimulator";
				SWIFT_APPROACHABLE_CONCURRENCY = YES;
				SWIFT_DEFAULT_ACTOR_ISOLATION = MainActor;
				SWIFT_EMIT_LOC_STRINGS = YES;
				SWIFT_UPCOMING_FEATURE_MEMBER_IMPORT_VISIBILITY = YES;
				SWIFT_VERSION = 5.0;
				TARGETED_DEVICE_FAMILY = "1,2";
			};
			name = Debug;
		};
		CC700000CC700000CC700000 /* Release */ = {
			isa = XCBuildConfiguration;
			buildSettings = {
				CODE_SIGN_ALLOW_ENTITLEMENTS_MODIFICATION = YES;
				CODE_SIGN_ENTITLEMENTS = Trawl/TrawlShare.entitlements;
				CODE_SIGN_STYLE = Automatic;
				CURRENT_PROJECT_VERSION = 1;
				DEVELOPMENT_TEAM = L9DB7QA9DE;
				GENERATE_INFOPLIST_FILE = NO;
				INFOPLIST_FILE = Trawl/Info.plist;
				IPHONEOS_DEPLOYMENT_TARGET = 26.0;
				LD_RUNPATH_SEARCH_PATHS = (
					"@executable_path/Frameworks",
					"@executable_path/../../Frameworks",
				);
				MARKETING_VERSION = 1.0;
				PRODUCT_BUNDLE_IDENTIFIER = com.poole.james.Trawl.TrawlShare;
				PRODUCT_NAME = "$(TARGET_NAME)";
				SDKROOT = iphoneos;
				SKIP_INSTALL = YES;
				SUPPORTED_PLATFORMS = "iphoneos iphonesimulator";
				SWIFT_APPROACHABLE_CONCURRENCY = YES;
				SWIFT_DEFAULT_ACTOR_ISOLATION = MainActor;
				SWIFT_EMIT_LOC_STRINGS = YES;
				SWIFT_UPCOMING_FEATURE_MEMBER_IMPORT_VISIBILITY = YES;
				SWIFT_VERSION = 5.0;
				TARGETED_DEVICE_FAMILY = "1,2";
			};
			name = Release;
		};
		DD600000DD600000DD600000 /* Debug */ = {
			isa = XCBuildConfiguration;
			buildSettings = {
				APPLICATION_EXTENSION_API_ONLY = YES;
				CODE_SIGN_STYLE = Automatic;
				CURRENT_PROJECT_VERSION = 1;
				DEVELOPMENT_TEAM = L9DB7QA9DE;
				GENERATE_INFOPLIST_FILE = NO;
				INFOPLIST_FILE = TrawlLiveActivity/Info.plist;
				IPHONEOS_DEPLOYMENT_TARGET = 26.0;
				LD_RUNPATH_SEARCH_PATHS = (
					"@executable_path/Frameworks",
					"@executable_path/../../Frameworks",
				);
				MARKETING_VERSION = 1.0;
				PRODUCT_BUNDLE_IDENTIFIER = com.poole.james.Trawl.SSHLiveActivity;
				PRODUCT_NAME = "$(TARGET_NAME)";
				SDKROOT = iphoneos;
				SKIP_INSTALL = YES;
				SUPPORTED_PLATFORMS = "iphoneos iphonesimulator";
				SWIFT_APPROACHABLE_CONCURRENCY = YES;
				SWIFT_DEFAULT_ACTOR_ISOLATION = MainActor;
				SWIFT_EMIT_LOC_STRINGS = YES;
				SWIFT_UPCOMING_FEATURE_MEMBER_IMPORT_VISIBILITY = YES;
				SWIFT_VERSION = 5.0;
				TARGETED_DEVICE_FAMILY = "1,2";
			};
			name = Debug;
		};
		DD700000DD700000DD700000 /* Release */ = {
			isa = XCBuildConfiguration;
			buildSettings = {
				APPLICATION_EXTENSION_API_ONLY = YES;
				CODE_SIGN_STYLE = Automatic;
				CURRENT_PROJECT_VERSION = 1;
				DEVELOPMENT_TEAM = L9DB7QA9DE;
				GENERATE_INFOPLIST_FILE = NO;
				INFOPLIST_FILE = TrawlLiveActivity/Info.plist;
				IPHONEOS_DEPLOYMENT_TARGET = 26.0;
				LD_RUNPATH_SEARCH_PATHS = (
					"@executable_path/Frameworks",
					"@executable_path/../../Frameworks",
				);
				MARKETING_VERSION = 1.0;
				PRODUCT_BUNDLE_IDENTIFIER = com.poole.james.Trawl.SSHLiveActivity;
				PRODUCT_NAME = "$(TARGET_NAME)";
				SDKROOT = iphoneos;
				SKIP_INSTALL = YES;
				SUPPORTED_PLATFORMS = "iphoneos iphonesimulator";
				SWIFT_APPROACHABLE_CONCURRENCY = YES;
				SWIFT_DEFAULT_ACTOR_ISOLATION = MainActor;
				SWIFT_EMIT_LOC_STRINGS = YES;
				SWIFT_UPCOMING_FEATURE_MEMBER_IMPORT_VISIBILITY = YES;
				SWIFT_VERSION = 5.0;
				TARGETED_DEVICE_FAMILY = "1,2";
			};
			name = Release;
		};
		EE000008EE000008EE000008 /* Debug */ = {
			isa = XCBuildConfiguration;
			buildSettings = {
				ASSETCATALOG_COMPILER_APPICON_NAME = AppIcon;
				ASSETCATALOG_COMPILER_GLOBAL_ACCENT_COLOR_NAME = AccentColor;
				CODE_SIGN_ENTITLEMENTS = Trawl/TrawlMac.entitlements;
				CODE_SIGN_STYLE = Automatic;
				CURRENT_PROJECT_VERSION = 1;
				DEVELOPMENT_TEAM = L9DB7QA9DE;
				ENABLE_PREVIEWS = YES;
				GENERATE_INFOPLIST_FILE = NO;
				INFOPLIST_FILE = "Trawl/TrawlMac-Info.plist";
				INFOPLIST_KEY_LSApplicationCategoryType = "public.app-category.utilities";
				LD_RUNPATH_SEARCH_PATHS = "@executable_path/../Frameworks";
				MACOSX_DEPLOYMENT_TARGET = 26.0;
				MARKETING_VERSION = 1.0;
				PRODUCT_BUNDLE_IDENTIFIER = com.poole.james.Trawl;
				PRODUCT_NAME = "$(TARGET_NAME)";
				SDKROOT = macosx;
				STRING_CATALOG_GENERATE_SYMBOLS = YES;
				SUPPORTED_PLATFORMS = macosx;
				SWIFT_APPROACHABLE_CONCURRENCY = YES;
				SWIFT_DEFAULT_ACTOR_ISOLATION = MainActor;
				SWIFT_EMIT_LOC_STRINGS = YES;
				SWIFT_UPCOMING_FEATURE_MEMBER_IMPORT_VISIBILITY = YES;
				SWIFT_VERSION = 5.0;
			};
			name = Debug;
		};
		EE000009EE000009EE000009 /* Release */ = {
			isa = XCBuildConfiguration;
			buildSettings = {
				ASSETCATALOG_COMPILER_APPICON_NAME = AppIcon;
				ASSETCATALOG_COMPILER_GLOBAL_ACCENT_COLOR_NAME = AccentColor;
				CODE_SIGN_ENTITLEMENTS = Trawl/TrawlMac.entitlements;
				CODE_SIGN_STYLE = Automatic;
				CURRENT_PROJECT_VERSION = 1;
				DEVELOPMENT_TEAM = L9DB7QA9DE;
				ENABLE_PREVIEWS = YES;
				GENERATE_INFOPLIST_FILE = NO;
				INFOPLIST_FILE = "Trawl/TrawlMac-Info.plist";
				INFOPLIST_KEY_LSApplicationCategoryType = "public.app-category.utilities";
				LD_RUNPATH_SEARCH_PATHS = "@executable_path/../Frameworks";
				MACOSX_DEPLOYMENT_TARGET = 26.0;
				MARKETING_VERSION = 1.0;
				PRODUCT_BUNDLE_IDENTIFIER = com.poole.james.Trawl;
				PRODUCT_NAME = "$(TARGET_NAME)";
				SDKROOT = macosx;
				STRING_CATALOG_GENERATE_SYMBOLS = YES;
				SUPPORTED_PLATFORMS = macosx;
				SWIFT_APPROACHABLE_CONCURRENCY = YES;
				SWIFT_COMPILATION_MODE = wholemodule;
				SWIFT_DEFAULT_ACTOR_ISOLATION = MainActor;
				SWIFT_EMIT_LOC_STRINGS = YES;
				SWIFT_UPCOMING_FEATURE_MEMBER_IMPORT_VISIBILITY = YES;
				SWIFT_VERSION = 5.0;
			};
			name = Release;
		};
/* End XCBuildConfiguration section */

/* Begin XCConfigurationList section */
		7C724A152F81D5920073A650 /* Build configuration list for PBXProject "Trawl" */ = {
			isa = XCConfigurationList;
			buildConfigurations = (
				7C724A3B2F81D5940073A650 /* Debug */,
				7C724A3C2F81D5940073A650 /* Release */,
			);
			defaultConfigurationIsVisible = 0;
			defaultConfigurationName = Release;
		};
		7C724A3D2F81D5940073A650 /* Build configuration list for PBXNativeTarget "Trawl" */ = {
			isa = XCConfigurationList;
			buildConfigurations = (
				7C724A3E2F81D5940073A650 /* Debug */,
				7C724A3F2F81D5940073A650 /* Release */,
			);
			defaultConfigurationIsVisible = 0;
			defaultConfigurationName = Release;
		};
		7C724A402F81D5940073A650 /* Build configuration list for PBXNativeTarget "TrawlTests" */ = {
			isa = XCConfigurationList;
			buildConfigurations = (
				7C724A412F81D5940073A650 /* Debug */,
				7C724A422F81D5940073A650 /* Release */,
			);
			defaultConfigurationIsVisible = 0;
			defaultConfigurationName = Release;
		};
		7C724A432F81D5940073A650 /* Build configuration list for PBXNativeTarget "TrawlUITests" */ = {
			isa = XCConfigurationList;
			buildConfigurations = (
				7C724A442F81D5940073A650 /* Debug */,
				7C724A452F81D5940073A650 /* Release */,
			);
			defaultConfigurationIsVisible = 0;
			defaultConfigurationName = Release;
		};
		CC800000CC800000CC800000 /* Build configuration list for PBXNativeTarget "TrawlShare" */ = {
			isa = XCConfigurationList;
			buildConfigurations = (
				CC600000CC600000CC600000 /* Debug */,
				CC700000CC700000CC700000 /* Release */,
			);
			defaultConfigurationIsVisible = 0;
			defaultConfigurationName = Release;
		};
		DD800000DD800000DD800000 /* Build configuration list for PBXNativeTarget "SSHLiveActivity" */ = {
			isa = XCConfigurationList;
			buildConfigurations = (
				DD600000DD600000DD600000 /* Debug */,
				DD700000DD700000DD700000 /* Release */,
			);
			defaultConfigurationIsVisible = 0;
			defaultConfigurationName = Release;
		};
		EE000010EE000010EE000010 /* Build configuration list for PBXNativeTarget "TrawlMac" */ = {
			isa = XCConfigurationList;
			buildConfigurations = (
				EE000008EE000008EE000008 /* Debug */,
				EE000009EE000009EE000009 /* Release */,
			);
			defaultConfigurationIsVisible = 0;
			defaultConfigurationName = Release;
		};
/* End XCConfigurationList section */

/* Begin XCRemoteSwiftPackageReference section */
		7C8E12A12F904F7200D5EBFA /* XCRemoteSwiftPackageReference "SwiftTerm" */ = {
			isa = XCRemoteSwiftPackageReference;
			repositoryURL = "https://github.com/migueldeicaza/SwiftTerm";
			requirement = {
				kind = upToNextMajorVersion;
				minimumVersion = 1.5.0;
			};
		};
		7C8E12A42F908FD800D5EBFA /* XCRemoteSwiftPackageReference "Libssh2Prebuild" */ = {
			isa = XCRemoteSwiftPackageReference;
			repositoryURL = "https://github.com/migueldeicaza/Libssh2Prebuild";
			requirement = {
				branch = master;
				kind = branch;
			};
		};
/* End XCRemoteSwiftPackageReference section */

/* Begin XCSwiftPackageProductDependency section */
		7C8E12A22F904F7200D5EBFA /* SwiftTerm */ = {
			isa = XCSwiftPackageProductDependency;
			package = 7C8E12A12F904F7200D5EBFA /* XCRemoteSwiftPackageReference "SwiftTerm" */;
			productName = SwiftTerm;
		};
		7C8E12A52F908FD800D5EBFA /* CSSH */ = {
			isa = XCSwiftPackageProductDependency;
			package = 7C8E12A42F908FD800D5EBFA /* XCRemoteSwiftPackageReference "Libssh2Prebuild" */;
			productName = CSSH;
		};
/* End XCSwiftPackageProductDependency section */
	};
	rootObject = 7C724A122F81D5920073A650 /* Project object */;
}
